// !$*UTF8*$!
{
	archiveVersion = 1;
	classes = {
	};
	objectVersion = 56;
	objects = {

/* Begin PBXBuildFile section */
		6759294E2AEED03900352226 /* HomeViewModel.swift in Sources */ = {isa = PBXBuildFile; fileRef = 6759294D2AEED03900352226 /* HomeViewModel.swift */; };
		8713AA6B2AE4CCBE00418AA5 /* building_list.json in Resources */ = {isa = PBXBuildFile; fileRef = 8713AA6A2AE4CCBE00418AA5 /* building_list.json */; };
		8713AA6E2AE4CE6C00418AA5 /* BuildingModel.swift in Sources */ = {isa = PBXBuildFile; fileRef = 8713AA6D2AE4CE6C00418AA5 /* BuildingModel.swift */; };
		8713AA712AE4D04E00418AA5 /* BuildingViewModel.swift in Sources */ = {isa = PBXBuildFile; fileRef = 8713AA702AE4D04E00418AA5 /* BuildingViewModel.swift */; };
		8713AA732AE4DCAD00418AA5 /* BuildingDetailScreen.swift in Sources */ = {isa = PBXBuildFile; fileRef = 8713AA722AE4DCAD00418AA5 /* BuildingDetailScreen.swift */; };
		8713AA752AE4E1A500418AA5 /* Colors.xcassets in Resources */ = {isa = PBXBuildFile; fileRef = 8713AA742AE4E1A500418AA5 /* Colors.xcassets */; };
		8713AA792AE5C0DB00418AA5 /* ProfileModel.swift in Sources */ = {isa = PBXBuildFile; fileRef = 8713AA782AE5C0DB00418AA5 /* ProfileModel.swift */; };
		8713AA7B2AE5C13B00418AA5 /* CourseModel.swift in Sources */ = {isa = PBXBuildFile; fileRef = 8713AA7A2AE5C13B00418AA5 /* CourseModel.swift */; };
		8713AA7D2AE5C1E700418AA5 /* ProfileViewModel.swift in Sources */ = {isa = PBXBuildFile; fileRef = 8713AA7C2AE5C1E700418AA5 /* ProfileViewModel.swift */; };
		8713AA7F2AE5C47200418AA5 /* EditProfileScreen.swift in Sources */ = {isa = PBXBuildFile; fileRef = 8713AA7E2AE5C47200418AA5 /* EditProfileScreen.swift */; };
		877314642AE338D200E2FFEA /* HomeScreen.swift in Sources */ = {isa = PBXBuildFile; fileRef = 877314632AE338D200E2FFEA /* HomeScreen.swift */; };
		877314672AE3396200E2FFEA /* BuildingScreen.swift in Sources */ = {isa = PBXBuildFile; fileRef = 877314662AE3396200E2FFEA /* BuildingScreen.swift */; };
		8773146A2AE339B400E2FFEA /* ProfileScreen.swift in Sources */ = {isa = PBXBuildFile; fileRef = 877314692AE339B400E2FFEA /* ProfileScreen.swift */; };
		87D161892AECBD6C005E5C96 /* LocationManager.swift in Sources */ = {isa = PBXBuildFile; fileRef = 87D161882AECBD6C005E5C96 /* LocationManager.swift */; };
		87E64ED52AE1B2F400DEC2A8 /* Coog_PathApp.swift in Sources */ = {isa = PBXBuildFile; fileRef = 87E64ED42AE1B2F400DEC2A8 /* Coog_PathApp.swift */; };
		87E64ED72AE1B2F400DEC2A8 /* ContentView.swift in Sources */ = {isa = PBXBuildFile; fileRef = 87E64ED62AE1B2F400DEC2A8 /* ContentView.swift */; };
		87E64ED92AE1B2F600DEC2A8 /* Assets.xcassets in Resources */ = {isa = PBXBuildFile; fileRef = 87E64ED82AE1B2F600DEC2A8 /* Assets.xcassets */; };
		87E64EDC2AE1B2F600DEC2A8 /* Preview Assets.xcassets in Resources */ = {isa = PBXBuildFile; fileRef = 87E64EDB2AE1B2F600DEC2A8 /* Preview Assets.xcassets */; };
/* End PBXBuildFile section */

/* Begin PBXFileReference section */
		6759294D2AEED03900352226 /* HomeViewModel.swift */ = {isa = PBXFileReference; lastKnownFileType = sourcecode.swift; path = HomeViewModel.swift; sourceTree = "<group>"; };
		8713AA6A2AE4CCBE00418AA5 /* building_list.json */ = {isa = PBXFileReference; lastKnownFileType = text.json; path = building_list.json; sourceTree = "<group>"; xcLanguageSpecificationIdentifier = xcode.lang.json; };
		8713AA6D2AE4CE6C00418AA5 /* BuildingModel.swift */ = {isa = PBXFileReference; lastKnownFileType = sourcecode.swift; path = BuildingModel.swift; sourceTree = "<group>"; };
		8713AA702AE4D04E00418AA5 /* BuildingViewModel.swift */ = {isa = PBXFileReference; lastKnownFileType = sourcecode.swift; path = BuildingViewModel.swift; sourceTree = "<group>"; };
		8713AA722AE4DCAD00418AA5 /* BuildingDetailScreen.swift */ = {isa = PBXFileReference; lastKnownFileType = sourcecode.swift; path = BuildingDetailScreen.swift; sourceTree = "<group>"; };
		8713AA742AE4E1A500418AA5 /* Colors.xcassets */ = {isa = PBXFileReference; lastKnownFileType = folder.assetcatalog; path = Colors.xcassets; sourceTree = "<group>"; };
		8713AA782AE5C0DB00418AA5 /* ProfileModel.swift */ = {isa = PBXFileReference; lastKnownFileType = sourcecode.swift; path = ProfileModel.swift; sourceTree = "<group>"; };
		8713AA7A2AE5C13B00418AA5 /* CourseModel.swift */ = {isa = PBXFileReference; lastKnownFileType = sourcecode.swift; path = CourseModel.swift; sourceTree = "<group>"; };
		8713AA7C2AE5C1E700418AA5 /* ProfileViewModel.swift */ = {isa = PBXFileReference; lastKnownFileType = sourcecode.swift; path = ProfileViewModel.swift; sourceTree = "<group>"; };
		8713AA7E2AE5C47200418AA5 /* EditProfileScreen.swift */ = {isa = PBXFileReference; lastKnownFileType = sourcecode.swift; path = EditProfileScreen.swift; sourceTree = "<group>"; };
		877314632AE338D200E2FFEA /* HomeScreen.swift */ = {isa = PBXFileReference; lastKnownFileType = sourcecode.swift; path = HomeScreen.swift; sourceTree = "<group>"; };
		877314662AE3396200E2FFEA /* BuildingScreen.swift */ = {isa = PBXFileReference; lastKnownFileType = sourcecode.swift; path = BuildingScreen.swift; sourceTree = "<group>"; };
		877314692AE339B400E2FFEA /* ProfileScreen.swift */ = {isa = PBXFileReference; lastKnownFileType = sourcecode.swift; path = ProfileScreen.swift; sourceTree = "<group>"; };
		87D161882AECBD6C005E5C96 /* LocationManager.swift */ = {isa = PBXFileReference; lastKnownFileType = sourcecode.swift; path = LocationManager.swift; sourceTree = "<group>"; };
		87E64ED12AE1B2F400DEC2A8 /* Coog Path.app */ = {isa = PBXFileReference; explicitFileType = wrapper.application; includeInIndex = 0; path = "Coog Path.app"; sourceTree = BUILT_PRODUCTS_DIR; };
		87E64ED42AE1B2F400DEC2A8 /* Coog_PathApp.swift */ = {isa = PBXFileReference; lastKnownFileType = sourcecode.swift; path = Coog_PathApp.swift; sourceTree = "<group>"; };
		87E64ED62AE1B2F400DEC2A8 /* ContentView.swift */ = {isa = PBXFileReference; lastKnownFileType = sourcecode.swift; path = ContentView.swift; sourceTree = "<group>"; };
		87E64ED82AE1B2F600DEC2A8 /* Assets.xcassets */ = {isa = PBXFileReference; lastKnownFileType = folder.assetcatalog; path = Assets.xcassets; sourceTree = "<group>"; };
		87E64EDB2AE1B2F600DEC2A8 /* Preview Assets.xcassets */ = {isa = PBXFileReference; lastKnownFileType = folder.assetcatalog; path = "Preview Assets.xcassets"; sourceTree = "<group>"; };
/* End PBXFileReference section */

/* Begin PBXFrameworksBuildPhase section */
		87E64ECE2AE1B2F400DEC2A8 /* Frameworks */ = {
			isa = PBXFrameworksBuildPhase;
			buildActionMask = 2147483647;
			files = (
			);
			runOnlyForDeploymentPostprocessing = 0;
		};
/* End PBXFrameworksBuildPhase section */

/* Begin PBXGroup section */
		8713AA6C2AE4CE2E00418AA5 /* Models */ = {
			isa = PBXGroup;
			children = (
				8713AA6D2AE4CE6C00418AA5 /* BuildingModel.swift */,
			);
			path = Models;
			sourceTree = "<group>";
		};
		8713AA6F2AE4D03A00418AA5 /* ViewModels */ = {
			isa = PBXGroup;
			children = (
				8713AA702AE4D04E00418AA5 /* BuildingViewModel.swift */,
			);
			path = ViewModels;
			sourceTree = "<group>";
		};
		8713AA762AE5AA6B00418AA5 /* Models */ = {
			isa = PBXGroup;
			children = (
				8713AA782AE5C0DB00418AA5 /* ProfileModel.swift */,
				8713AA7A2AE5C13B00418AA5 /* CourseModel.swift */,
			);
			path = Models;
			sourceTree = "<group>";
		};
		8713AA772AE5AA7500418AA5 /* ViewModels */ = {
			isa = PBXGroup;
			children = (
				8713AA7C2AE5C1E700418AA5 /* ProfileViewModel.swift */,
			);
			path = ViewModels;
			sourceTree = "<group>";
		};
		8773145A2AE32EC700E2FFEA /* SupportingFiles */ = {
			isa = PBXGroup;
			children = (
				87E64ED42AE1B2F400DEC2A8 /* Coog_PathApp.swift */,
				87E64ED62AE1B2F400DEC2A8 /* ContentView.swift */,
			);
			path = SupportingFiles;
			sourceTree = "<group>";
		};
		8773145B2AE32F4A00E2FFEA /* Features */ = {
			isa = PBXGroup;
			children = (
				877314602AE3378B00E2FFEA /* Profile */,
				8773145D2AE3328200E2FFEA /* Buildings */,
				8773145C2AE32F7F00E2FFEA /* Home */,
			);
			path = Features;
			sourceTree = "<group>";
		};
		8773145C2AE32F7F00E2FFEA /* Home */ = {
			isa = PBXGroup;
			children = (
				877314622AE337DD00E2FFEA /* ViewModels */,
				877314612AE337C000E2FFEA /* Screens */,
			);
			path = Home;
			sourceTree = "<group>";
		};
		8773145D2AE3328200E2FFEA /* Buildings */ = {
			isa = PBXGroup;
			children = (
				8713AA6F2AE4D03A00418AA5 /* ViewModels */,
				8713AA6C2AE4CE2E00418AA5 /* Models */,
				877314652AE3392C00E2FFEA /* Screens */,
			);
			path = Buildings;
			sourceTree = "<group>";
		};
		8773145F2AE3363300E2FFEA /* Resources */ = {
			isa = PBXGroup;
			children = (
				87F68C542AE4CC0000799435 /* Data */,
				87E64ED82AE1B2F600DEC2A8 /* Assets.xcassets */,
				8713AA742AE4E1A500418AA5 /* Colors.xcassets */,
			);
			path = Resources;
			sourceTree = "<group>";
		};
		877314602AE3378B00E2FFEA /* Profile */ = {
			isa = PBXGroup;
			children = (
				8713AA772AE5AA7500418AA5 /* ViewModels */,
				8713AA762AE5AA6B00418AA5 /* Models */,
				877314682AE3399200E2FFEA /* Screens */,
			);
			path = Profile;
			sourceTree = "<group>";
		};
		877314612AE337C000E2FFEA /* Screens */ = {
			isa = PBXGroup;
			children = (
				877314632AE338D200E2FFEA /* HomeScreen.swift */,
			);
			path = Screens;
			sourceTree = "<group>";
		};
		877314622AE337DD00E2FFEA /* ViewModels */ = {
			isa = PBXGroup;
			children = (
				87D161882AECBD6C005E5C96 /* LocationManager.swift */,
				6759294D2AEED03900352226 /* HomeViewModel.swift */,
			);
			path = ViewModels;
			sourceTree = "<group>";
		};
		877314652AE3392C00E2FFEA /* Screens */ = {
			isa = PBXGroup;
			children = (
				877314662AE3396200E2FFEA /* BuildingScreen.swift */,
				8713AA722AE4DCAD00418AA5 /* BuildingDetailScreen.swift */,
			);
			path = Screens;
			sourceTree = "<group>";
		};
		877314682AE3399200E2FFEA /* Screens */ = {
			isa = PBXGroup;
			children = (
				877314692AE339B400E2FFEA /* ProfileScreen.swift */,
				8713AA7E2AE5C47200418AA5 /* EditProfileScreen.swift */,
			);
			path = Screens;
			sourceTree = "<group>";
		};
		87E64EC82AE1B2F400DEC2A8 = {
			isa = PBXGroup;
			children = (
				87E64ED32AE1B2F400DEC2A8 /* Coog Path */,
				87E64ED22AE1B2F400DEC2A8 /* Products */,
			);
			sourceTree = "<group>";
		};
		87E64ED22AE1B2F400DEC2A8 /* Products */ = {
			isa = PBXGroup;
			children = (
				87E64ED12AE1B2F400DEC2A8 /* Coog Path.app */,
			);
			name = Products;
			sourceTree = "<group>";
		};
		87E64ED32AE1B2F400DEC2A8 /* Coog Path */ = {
			isa = PBXGroup;
			children = (
				8773145F2AE3363300E2FFEA /* Resources */,
				8773145B2AE32F4A00E2FFEA /* Features */,
				8773145A2AE32EC700E2FFEA /* SupportingFiles */,
				87E64EDA2AE1B2F600DEC2A8 /* Preview Content */,
			);
			path = "Coog Path";
			sourceTree = "<group>";
		};
		87E64EDA2AE1B2F600DEC2A8 /* Preview Content */ = {
			isa = PBXGroup;
			children = (
				87E64EDB2AE1B2F600DEC2A8 /* Preview Assets.xcassets */,
			);
			path = "Preview Content";
			sourceTree = "<group>";
		};
		87F68C542AE4CC0000799435 /* Data */ = {
			isa = PBXGroup;
			children = (
				8713AA6A2AE4CCBE00418AA5 /* building_list.json */,
			);
			path = Data;
			sourceTree = "<group>";
		};
/* End PBXGroup section */

/* Begin PBXNativeTarget section */
		87E64ED02AE1B2F400DEC2A8 /* Coog Path */ = {
			isa = PBXNativeTarget;
			buildConfigurationList = 87E64EDF2AE1B2F600DEC2A8 /* Build configuration list for PBXNativeTarget "Coog Path" */;
			buildPhases = (
				87E64ECD2AE1B2F400DEC2A8 /* Sources */,
				87E64ECE2AE1B2F400DEC2A8 /* Frameworks */,
				87E64ECF2AE1B2F400DEC2A8 /* Resources */,
			);
			buildRules = (
			);
			dependencies = (
			);
			name = "Coog Path";
			productName = "Coog Path";
			productReference = 87E64ED12AE1B2F400DEC2A8 /* Coog Path.app */;
			productType = "com.apple.product-type.application";
		};
/* End PBXNativeTarget section */

/* Begin PBXProject section */
		87E64EC92AE1B2F400DEC2A8 /* Project object */ = {
			isa = PBXProject;
			attributes = {
				BuildIndependentTargetsInParallel = 1;
				LastSwiftUpdateCheck = 1500;
				LastUpgradeCheck = 1500;
				TargetAttributes = {
					87E64ED02AE1B2F400DEC2A8 = {
						CreatedOnToolsVersion = 15.0;
					};
				};
			};
			buildConfigurationList = 87E64ECC2AE1B2F400DEC2A8 /* Build configuration list for PBXProject "Coog Path" */;
			compatibilityVersion = "Xcode 14.0";
			developmentRegion = en;
			hasScannedForEncodings = 0;
			knownRegions = (
				en,
				Base,
			);
			mainGroup = 87E64EC82AE1B2F400DEC2A8;
			productRefGroup = 87E64ED22AE1B2F400DEC2A8 /* Products */;
			projectDirPath = "";
			projectRoot = "";
			targets = (
				87E64ED02AE1B2F400DEC2A8 /* Coog Path */,
			);
		};
/* End PBXProject section */

/* Begin PBXResourcesBuildPhase section */
		87E64ECF2AE1B2F400DEC2A8 /* Resources */ = {
			isa = PBXResourcesBuildPhase;
			buildActionMask = 2147483647;
			files = (
				87E64EDC2AE1B2F600DEC2A8 /* Preview Assets.xcassets in Resources */,
				8713AA752AE4E1A500418AA5 /* Colors.xcassets in Resources */,
				8713AA6B2AE4CCBE00418AA5 /* building_list.json in Resources */,
				87E64ED92AE1B2F600DEC2A8 /* Assets.xcassets in Resources */,
			);
			runOnlyForDeploymentPostprocessing = 0;
		};
/* End PBXResourcesBuildPhase section */

/* Begin PBXSourcesBuildPhase section */
		87E64ECD2AE1B2F400DEC2A8 /* Sources */ = {
			isa = PBXSourcesBuildPhase;
			buildActionMask = 2147483647;
			files = (
				8713AA792AE5C0DB00418AA5 /* ProfileModel.swift in Sources */,
				87E64ED72AE1B2F400DEC2A8 /* ContentView.swift in Sources */,
				8713AA712AE4D04E00418AA5 /* BuildingViewModel.swift in Sources */,
				8713AA6E2AE4CE6C00418AA5 /* BuildingModel.swift in Sources */,
				877314672AE3396200E2FFEA /* BuildingScreen.swift in Sources */,
				8713AA7F2AE5C47200418AA5 /* EditProfileScreen.swift in Sources */,
				87E64ED52AE1B2F400DEC2A8 /* Coog_PathApp.swift in Sources */,
				8713AA7B2AE5C13B00418AA5 /* CourseModel.swift in Sources */,
				8713AA7D2AE5C1E700418AA5 /* ProfileViewModel.swift in Sources */,
				6759294E2AEED03900352226 /* HomeViewModel.swift in Sources */,
				877314642AE338D200E2FFEA /* HomeScreen.swift in Sources */,
				8713AA732AE4DCAD00418AA5 /* BuildingDetailScreen.swift in Sources */,
				8773146A2AE339B400E2FFEA /* ProfileScreen.swift in Sources */,
				87D161892AECBD6C005E5C96 /* LocationManager.swift in Sources */,
			);
			runOnlyForDeploymentPostprocessing = 0;
		};
/* End PBXSourcesBuildPhase section */

/* Begin XCBuildConfiguration section */
		87E64EDD2AE1B2F600DEC2A8 /* Debug */ = {
			isa = XCBuildConfiguration;
			buildSettings = {
				ALWAYS_SEARCH_USER_PATHS = NO;
				ASSETCATALOG_COMPILER_GENERATE_SWIFT_ASSET_SYMBOL_EXTENSIONS = YES;
				CLANG_ANALYZER_NONNULL = YES;
				CLANG_ANALYZER_NUMBER_OBJECT_CONVERSION = YES_AGGRESSIVE;
				CLANG_CXX_LANGUAGE_STANDARD = "gnu++20";
				CLANG_ENABLE_MODULES = YES;
				CLANG_ENABLE_OBJC_ARC = YES;
				CLANG_ENABLE_OBJC_WEAK = YES;
				CLANG_WARN_BLOCK_CAPTURE_AUTORELEASING = YES;
				CLANG_WARN_BOOL_CONVERSION = YES;
				CLANG_WARN_COMMA = YES;
				CLANG_WARN_CONSTANT_CONVERSION = YES;
				CLANG_WARN_DEPRECATED_OBJC_IMPLEMENTATIONS = YES;
				CLANG_WARN_DIRECT_OBJC_ISA_USAGE = YES_ERROR;
				CLANG_WARN_DOCUMENTATION_COMMENTS = YES;
				CLANG_WARN_EMPTY_BODY = YES;
				CLANG_WARN_ENUM_CONVERSION = YES;
				CLANG_WARN_INFINITE_RECURSION = YES;
				CLANG_WARN_INT_CONVERSION = YES;
				CLANG_WARN_NON_LITERAL_NULL_CONVERSION = YES;
				CLANG_WARN_OBJC_IMPLICIT_RETAIN_SELF = YES;
				CLANG_WARN_OBJC_LITERAL_CONVERSION = YES;
				CLANG_WARN_OBJC_ROOT_CLASS = YES_ERROR;
				CLANG_WARN_QUOTED_INCLUDE_IN_FRAMEWORK_HEADER = YES;
				CLANG_WARN_RANGE_LOOP_ANALYSIS = YES;
				CLANG_WARN_STRICT_PROTOTYPES = YES;
				CLANG_WARN_SUSPICIOUS_MOVE = YES;
				CLANG_WARN_UNGUARDED_AVAILABILITY = YES_AGGRESSIVE;
				CLANG_WARN_UNREACHABLE_CODE = YES;
				CLANG_WARN__DUPLICATE_METHOD_MATCH = YES;
				COPY_PHASE_STRIP = NO;
				DEBUG_INFORMATION_FORMAT = dwarf;
				ENABLE_STRICT_OBJC_MSGSEND = YES;
				ENABLE_TESTABILITY = YES;
				ENABLE_USER_SCRIPT_SANDBOXING = YES;
				GCC_C_LANGUAGE_STANDARD = gnu17;
				GCC_DYNAMIC_NO_PIC = NO;
				GCC_NO_COMMON_BLOCKS = YES;
				GCC_OPTIMIZATION_LEVEL = 0;
				GCC_PREPROCESSOR_DEFINITIONS = (
					"DEBUG=1",
					"$(inherited)",
				);
				GCC_WARN_64_TO_32_BIT_CONVERSION = YES;
				GCC_WARN_ABOUT_RETURN_TYPE = YES_ERROR;
				GCC_WARN_UNDECLARED_SELECTOR = YES;
				GCC_WARN_UNINITIALIZED_AUTOS = YES_AGGRESSIVE;
				GCC_WARN_UNUSED_FUNCTION = YES;
				GCC_WARN_UNUSED_VARIABLE = YES;
				IPHONEOS_DEPLOYMENT_TARGET = 17.0;
				LOCALIZATION_PREFERS_STRING_CATALOGS = YES;
				MTL_ENABLE_DEBUG_INFO = INCLUDE_SOURCE;
				MTL_FAST_MATH = YES;
				ONLY_ACTIVE_ARCH = YES;
				SDKROOT = iphoneos;
				SWIFT_ACTIVE_COMPILATION_CONDITIONS = "DEBUG $(inherited)";
				SWIFT_OPTIMIZATION_LEVEL = "-Onone";
			};
			name = Debug;
		};
		87E64EDE2AE1B2F600DEC2A8 /* Release */ = {
			isa = XCBuildConfiguration;
			buildSettings = {
				ALWAYS_SEARCH_USER_PATHS = NO;
				ASSETCATALOG_COMPILER_GENERATE_SWIFT_ASSET_SYMBOL_EXTENSIONS = YES;
				CLANG_ANALYZER_NONNULL = YES;
				CLANG_ANALYZER_NUMBER_OBJECT_CONVERSION = YES_AGGRESSIVE;
				CLANG_CXX_LANGUAGE_STANDARD = "gnu++20";
				CLANG_ENABLE_MODULES = YES;
				CLANG_ENABLE_OBJC_ARC = YES;
				CLANG_ENABLE_OBJC_WEAK = YES;
				CLANG_WARN_BLOCK_CAPTURE_AUTORELEASING = YES;
				CLANG_WARN_BOOL_CONVERSION = YES;
				CLANG_WARN_COMMA = YES;
				CLANG_WARN_CONSTANT_CONVERSION = YES;
				CLANG_WARN_DEPRECATED_OBJC_IMPLEMENTATIONS = YES;
				CLANG_WARN_DIRECT_OBJC_ISA_USAGE = YES_ERROR;
				CLANG_WARN_DOCUMENTATION_COMMENTS = YES;
				CLANG_WARN_EMPTY_BODY = YES;
				CLANG_WARN_ENUM_CONVERSION = YES;
				CLANG_WARN_INFINITE_RECURSION = YES;
				CLANG_WARN_INT_CONVERSION = YES;
				CLANG_WARN_NON_LITERAL_NULL_CONVERSION = YES;
				CLANG_WARN_OBJC_IMPLICIT_RETAIN_SELF = YES;
				CLANG_WARN_OBJC_LITERAL_CONVERSION = YES;
				CLANG_WARN_OBJC_ROOT_CLASS = YES_ERROR;
				CLANG_WARN_QUOTED_INCLUDE_IN_FRAMEWORK_HEADER = YES;
				CLANG_WARN_RANGE_LOOP_ANALYSIS = YES;
				CLANG_WARN_STRICT_PROTOTYPES = YES;
				CLANG_WARN_SUSPICIOUS_MOVE = YES;
				CLANG_WARN_UNGUARDED_AVAILABILITY = YES_AGGRESSIVE;
				CLANG_WARN_UNREACHABLE_CODE = YES;
				CLANG_WARN__DUPLICATE_METHOD_MATCH = YES;
				COPY_PHASE_STRIP = NO;
				DEBUG_INFORMATION_FORMAT = "dwarf-with-dsym";
				ENABLE_NS_ASSERTIONS = NO;
				ENABLE_STRICT_OBJC_MSGSEND = YES;
				ENABLE_USER_SCRIPT_SANDBOXING = YES;
				GCC_C_LANGUAGE_STANDARD = gnu17;
				GCC_NO_COMMON_BLOCKS = YES;
				GCC_WARN_64_TO_32_BIT_CONVERSION = YES;
				GCC_WARN_ABOUT_RETURN_TYPE = YES_ERROR;
				GCC_WARN_UNDECLARED_SELECTOR = YES;
				GCC_WARN_UNINITIALIZED_AUTOS = YES_AGGRESSIVE;
				GCC_WARN_UNUSED_FUNCTION = YES;
				GCC_WARN_UNUSED_VARIABLE = YES;
				IPHONEOS_DEPLOYMENT_TARGET = 17.0;
				LOCALIZATION_PREFERS_STRING_CATALOGS = YES;
				MTL_ENABLE_DEBUG_INFO = NO;
				MTL_FAST_MATH = YES;
				SDKROOT = iphoneos;
				SWIFT_COMPILATION_MODE = wholemodule;
				VALIDATE_PRODUCT = YES;
			};
			name = Release;
		};
		87E64EE02AE1B2F600DEC2A8 /* Debug */ = {
			isa = XCBuildConfiguration;
			buildSettings = {
				ASSETCATALOG_COMPILER_APPICON_NAME = AppIcon;
				ASSETCATALOG_COMPILER_GLOBAL_ACCENT_COLOR_NAME = AccentColor;
				CODE_SIGN_STYLE = Automatic;
				CURRENT_PROJECT_VERSION = 1;
				DEVELOPMENT_ASSET_PATHS = "\"Coog Path/Preview Content\"";
				DEVELOPMENT_TEAM = 3MAS8SWPA3;
				ENABLE_PREVIEWS = YES;
				GENERATE_INFOPLIST_FILE = YES;
				INFOPLIST_KEY_NSLocationWhenInUseUsageDescription = "We want to use your current location";
				INFOPLIST_KEY_UIApplicationSceneManifest_Generation = YES;
				INFOPLIST_KEY_UIApplicationSupportsIndirectInputEvents = YES;
				INFOPLIST_KEY_UILaunchScreen_Generation = YES;
				INFOPLIST_KEY_UISupportedInterfaceOrientations_iPad = "UIInterfaceOrientationPortrait UIInterfaceOrientationPortraitUpsideDown UIInterfaceOrientationLandscapeLeft UIInterfaceOrientationLandscapeRight";
				INFOPLIST_KEY_UISupportedInterfaceOrientations_iPhone = "UIInterfaceOrientationPortrait UIInterfaceOrientationLandscapeLeft UIInterfaceOrientationLandscapeRight";
				LD_RUNPATH_SEARCH_PATHS = (
					"$(inherited)",
					"@executable_path/Frameworks",
				);
				MARKETING_VERSION = 1.0;
				PRODUCT_BUNDLE_IDENTIFIER = "MN.Coog-Path";
				PRODUCT_NAME = "$(TARGET_NAME)";
				SWIFT_EMIT_LOC_STRINGS = YES;
				SWIFT_VERSION = 5.0;
				TARGETED_DEVICE_FAMILY = "1,2";
			};
			name = Debug;
		};
		87E64EE12AE1B2F600DEC2A8 /* Release */ = {
			isa = XCBuildConfiguration;
			buildSettings = {
				ASSETCATALOG_COMPILER_APPICON_NAME = AppIcon;
				ASSETCATALOG_COMPILER_GLOBAL_ACCENT_COLOR_NAME = AccentColor;
				CODE_SIGN_STYLE = Automatic;
				CURRENT_PROJECT_VERSION = 1;
				DEVELOPMENT_ASSET_PATHS = "\"Coog Path/Preview Content\"";
				DEVELOPMENT_TEAM = 3MAS8SWPA3;
				ENABLE_PREVIEWS = YES;
				GENERATE_INFOPLIST_FILE = YES;
				INFOPLIST_KEY_NSLocationWhenInUseUsageDescription = "We want to use your current location";
				INFOPLIST_KEY_UIApplicationSceneManifest_Generation = YES;
				INFOPLIST_KEY_UIApplicationSupportsIndirectInputEvents = YES;
				INFOPLIST_KEY_UILaunchScreen_Generation = YES;
				INFOPLIST_KEY_UISupportedInterfaceOrientations_iPad = "UIInterfaceOrientationPortrait UIInterfaceOrientationPortraitUpsideDown UIInterfaceOrientationLandscapeLeft UIInterfaceOrientationLandscapeRight";
				INFOPLIST_KEY_UISupportedInterfaceOrientations_iPhone = "UIInterfaceOrientationPortrait UIInterfaceOrientationLandscapeLeft UIInterfaceOrientationLandscapeRight";
				LD_RUNPATH_SEARCH_PATHS = (
					"$(inherited)",
					"@executable_path/Frameworks",
				);
				MARKETING_VERSION = 1.0;
				PRODUCT_BUNDLE_IDENTIFIER = "MN.Coog-Path";
				PRODUCT_NAME = "$(TARGET_NAME)";
				SWIFT_EMIT_LOC_STRINGS = YES;
				SWIFT_VERSION = 5.0;
				TARGETED_DEVICE_FAMILY = "1,2";
			};
			name = Release;
		};
/* End XCBuildConfiguration section */

/* Begin XCConfigurationList section */
		87E64ECC2AE1B2F400DEC2A8 /* Build configuration list for PBXProject "Coog Path" */ = {
			isa = XCConfigurationList;
			buildConfigurations = (
				87E64EDD2AE1B2F600DEC2A8 /* Debug */,
				87E64EDE2AE1B2F600DEC2A8 /* Release */,
			);
			defaultConfigurationIsVisible = 0;
			defaultConfigurationName = Release;
		};
		87E64EDF2AE1B2F600DEC2A8 /* Build configuration list for PBXNativeTarget "Coog Path" */ = {
			isa = XCConfigurationList;
			buildConfigurations = (
				87E64EE02AE1B2F600DEC2A8 /* Debug */,
				87E64EE12AE1B2F600DEC2A8 /* Release */,
			);
			defaultConfigurationIsVisible = 0;
			defaultConfigurationName = Release;
		};
/* End XCConfigurationList section */
	};
	rootObject = 87E64EC92AE1B2F400DEC2A8 /* Project object */;
}
